
Microsoft Visual Studio Solution File, Format Version 12.00
# Visual Studio 15
VisualStudioVersion = 15.0.28010.2016
MinimumVisualStudioVersion = 10.0.40219.1
Project("{FAE04EC0-301F-11D3-BF4B-00C04F79EFBC}") = "Azurite", "Azurite.csproj", "{37BFD740-B91E-4991-92F0-F4F59654EB30}"
EndProject
Project("{FAE04EC0-301F-11D3-BF4B-00C04F79EFBC}") = "AzuriteTest", "..\AzuriteTest\AzuriteTest.csproj", "{C45D2FA7-3836-4315-808A-6D73379FB1B7}"
EndProject
Project("{FAE04EC0-301F-11D3-BF4B-00C04F79EFBC}") = "AzuriteConsole", "..\AzuriteConsole\AzuriteConsole.csproj", "{9176B30C-861C-4AD4-8831-6FC953BD9661}"
EndProject
Global
	GlobalSection(SolutionConfigurationPlatforms) = preSolution
		Debug|Any CPU = Debug|Any CPU
		Release|Any CPU = Release|Any CPU
	EndGlobalSection
	GlobalSection(ProjectConfigurationPlatforms) = postSolution
		{37BFD740-B91E-4991-92F0-F4F59654EB30}.Debug|Any CPU.ActiveCfg = Debug|Any CPU
		{37BFD740-B91E-4991-92F0-F4F59654EB30}.Debug|Any CPU.Build.0 = Debug|Any CPU
		{37BFD740-B91E-4991-92F0-F4F59654EB30}.Release|Any CPU.ActiveCfg = Release|Any CPU
		{37BFD740-B91E-4991-92F0-F4F59654EB30}.Release|Any CPU.Build.0 = Release|Any CPU
		{C45D2FA7-3836-4315-808A-6D73379FB1B7}.Debug|Any CPU.ActiveCfg = Debug|Any CPU
		{C45D2FA7-3836-4315-808A-6D73379FB1B7}.Debug|Any CPU.Build.0 = Debug|Any CPU
		{C45D2FA7-3836-4315-808A-6D73379FB1B7}.Release|Any CPU.ActiveCfg = Release|Any CPU
		{C45D2FA7-3836-4315-808A-6D73379FB1B7}.Release|Any CPU.Build.0 = Release|Any CPU
		{9176B30C-861C-4AD4-8831-6FC953BD9661}.Debug|Any CPU.ActiveCfg = Debug|Any CPU
		{9176B30C-861C-4AD4-8831-6FC953BD9661}.Debug|Any CPU.Build.0 = Debug|Any CPU
		{9176B30C-861C-4AD4-8831-6FC953BD9661}.Release|Any CPU.ActiveCfg = Release|Any CPU
		{9176B30C-861C-4AD4-8831-6FC953BD9661}.Release|Any CPU.Build.0 = Release|Any CPU
	EndGlobalSection
	GlobalSection(SolutionProperties) = preSolution
		HideSolutionNode = FALSE
	EndGlobalSection
	GlobalSection(ExtensibilityGlobals) = postSolution
		SolutionGuid = {C29B78B2-CB45-4557-8D7D-16E764750534}
	EndGlobalSection
EndGlobal
